
Microsoft Visual Studio Solution File, Format Version 12.00
# Visual Studio Version 16
VisualStudioVersion = 16.0.30523.141
MinimumVisualStudioVersion = 10.0.40219.1
Project("{FAE04EC0-301F-11D3-BF4B-00C04F79EFBC}") = "WP_2020_01_HW01_3A713122", "WP_2020_01_HW01_3A713122\WP_2020_01_HW01_3A713122.csproj", "{7AC72245-AC4D-47C9-B217-AF222FC194F3}"
EndProject
Global
	GlobalSection(SolutionConfigurationPlatforms) = preSolution
		Debug|Any CPU = Debug|Any CPU
		Release|Any CPU = Release|Any CPU
	EndGlobalSection
	GlobalSection(ProjectConfigurationPlatforms) = postSolution
		{7AC72245-AC4D-47C9-B217-AF222FC194F3}.Debug|Any CPU.ActiveCfg = Debug|Any CPU
		{7AC72245-AC4D-47C9-B217-AF222FC194F3}.Debug|Any CPU.Build.0 = Debug|Any CPU
		{7AC72245-AC4D-47C9-B217-AF222FC194F3}.Release|Any CPU.ActiveCfg = Release|Any CPU
		{7AC72245-AC4D-47C9-B217-AF222FC194F3}.Release|Any CPU.Build.0 = Release|Any CPU
	EndGlobalSection
	GlobalSection(SolutionProperties) = preSolution
		HideSolutionNode = FALSE
	EndGlobalSection
	GlobalSection(ExtensibilityGlobals) = postSolution
		SolutionGuid = {03962DEE-FC55-4973-AE45-3E06662BD06B}
	EndGlobalSection
EndGlobal
